
Microsoft Visual Studio Solution File, Format Version 12.00
# Visual Studio Version 16
VisualStudioVersion = 16.0.31402.337
MinimumVisualStudioVersion = 10.0.40219.1
Project("{FAE04EC0-301F-11D3-BF4B-00C04F79EFBC}") = "FizzBuzzGame", "FizzBuzzGame\FizzBuzzGame.csproj", "{CE7BD3C5-B023-43B6-8D5C-D5FEAB4F8CBD}"
EndProject
Project("{FAE04EC0-301F-11D3-BF4B-00C04F79EFBC}") = "FizzBuzzGame.UnitTests", "MyApp.UnitTests\FizzBuzzGame.UnitTests.csproj", "{8487FED8-F179-4BAC-8878-1B5CEF225023}"
EndProject
Global
	GlobalSection(SolutionConfigurationPlatforms) = preSolution
		Debug|Any CPU = Debug|Any CPU
		Release|Any CPU = Release|Any CPU
	EndGlobalSection
	GlobalSection(ProjectConfigurationPlatforms) = postSolution
		{CE7BD3C5-B023-43B6-8D5C-D5FEAB4F8CBD}.Debug|Any CPU.ActiveCfg = Debug|Any CPU
		{CE7BD3C5-B023-43B6-8D5C-D5FEAB4F8CBD}.Debug|Any CPU.Build.0 = Debug|Any CPU
		{CE7BD3C5-B023-43B6-8D5C-D5FEAB4F8CBD}.Release|Any CPU.ActiveCfg = Release|Any CPU
		{CE7BD3C5-B023-43B6-8D5C-D5FEAB4F8CBD}.Release|Any CPU.Build.0 = Release|Any CPU
		{8487FED8-F179-4BAC-8878-1B5CEF225023}.Debug|Any CPU.ActiveCfg = Debug|Any CPU
		{8487FED8-F179-4BAC-8878-1B5CEF225023}.Debug|Any CPU.Build.0 = Debug|Any CPU
		{8487FED8-F179-4BAC-8878-1B5CEF225023}.Release|Any CPU.ActiveCfg = Release|Any CPU
		{8487FED8-F179-4BAC-8878-1B5CEF225023}.Release|Any CPU.Build.0 = Release|Any CPU
	EndGlobalSection
	GlobalSection(SolutionProperties) = preSolution
		HideSolutionNode = FALSE
	EndGlobalSection
	GlobalSection(ExtensibilityGlobals) = postSolution
		SolutionGuid = {4CC28C0B-3C0C-4AED-8CB8-E6464841CC31}
	EndGlobalSection
EndGlobal
